
Microsoft Visual Studio Solution File, Format Version 12.00
# Visual Studio 15
VisualStudioVersion = 15.0.26730.10
MinimumVisualStudioVersion = 10.0.40219.1
Project("{FAE04EC0-301F-11D3-BF4B-00C04F79EFBC}") = "pdfTest", "pdfTest\pdfTest.csproj", "{C9E6D2D3-6D37-4DD9-A626-BF6F820479E0}"
EndProject
Project("{FAE04EC0-301F-11D3-BF4B-00C04F79EFBC}") = "pdfTestIText", "pdfTestIText\pdfTestIText.csproj", "{2C19DBB5-333E-45AB-9C27-273AC9728B86}"
EndProject
Project("{FAE04EC0-301F-11D3-BF4B-00C04F79EFBC}") = "Console", "Console\Console.csproj", "{43BC5CCD-3E62-40E7-BF86-939CB0D0262F}"
EndProject
Global
	GlobalSection(SolutionConfigurationPlatforms) = preSolution
		Debug|Any CPU = Debug|Any CPU
		Release|Any CPU = Release|Any CPU
	EndGlobalSection
	GlobalSection(ProjectConfigurationPlatforms) = postSolution
		{C9E6D2D3-6D37-4DD9-A626-BF6F820479E0}.Debug|Any CPU.ActiveCfg = Debug|Any CPU
		{C9E6D2D3-6D37-4DD9-A626-BF6F820479E0}.Debug|Any CPU.Build.0 = Debug|Any CPU
		{C9E6D2D3-6D37-4DD9-A626-BF6F820479E0}.Release|Any CPU.ActiveCfg = Release|Any CPU
		{C9E6D2D3-6D37-4DD9-A626-BF6F820479E0}.Release|Any CPU.Build.0 = Release|Any CPU
		{2C19DBB5-333E-45AB-9C27-273AC9728B86}.Debug|Any CPU.ActiveCfg = Debug|Any CPU
		{2C19DBB5-333E-45AB-9C27-273AC9728B86}.Debug|Any CPU.Build.0 = Debug|Any CPU
		{2C19DBB5-333E-45AB-9C27-273AC9728B86}.Release|Any CPU.ActiveCfg = Release|Any CPU
		{2C19DBB5-333E-45AB-9C27-273AC9728B86}.Release|Any CPU.Build.0 = Release|Any CPU
		{43BC5CCD-3E62-40E7-BF86-939CB0D0262F}.Debug|Any CPU.ActiveCfg = Debug|Any CPU
		{43BC5CCD-3E62-40E7-BF86-939CB0D0262F}.Debug|Any CPU.Build.0 = Debug|Any CPU
		{43BC5CCD-3E62-40E7-BF86-939CB0D0262F}.Release|Any CPU.ActiveCfg = Release|Any CPU
		{43BC5CCD-3E62-40E7-BF86-939CB0D0262F}.Release|Any CPU.Build.0 = Release|Any CPU
	EndGlobalSection
	GlobalSection(SolutionProperties) = preSolution
		HideSolutionNode = FALSE
	EndGlobalSection
	GlobalSection(ExtensibilityGlobals) = postSolution
		SolutionGuid = {B3808C47-7D53-46CF-859F-CC309C1124A5}
	EndGlobalSection
EndGlobal
